
Microsoft Visual Studio Solution File, Format Version 12.00
# Visual Studio Version 17
VisualStudioVersion = 17.5.2.0
MinimumVisualStudioVersion = 10.0.40219.1
Project("{FAE04EC0-301F-11D3-BF4B-00C04F79EFBC}") = "SqlSchemaMcp", "SqlSchemaMcp.csproj", "{A396F2A5-748C-3982-0970-9032DE1C5E47}"
EndProject
Project("{FAE04EC0-301F-11D3-BF4B-00C04F79EFBC}") = "SqlSchemaMcp.Tests", "SqlSchemaMcp.Tests\SqlSchemaMcp.Tests.csproj", "{C4F899EA-4DA0-4AB7-8D58-6D25AE006F92}"
EndProject
Project("{FAE04EC0-301F-11D3-BF4B-00C04F79EFBC}") = "SqlSchemaMcp.Abstractions", "SqlSchemaMcp.Abstractions\SqlSchemaMcp.Abstractions.csproj", "{8DAA5BB1-D888-4AE0-980A-CE6C7765D59A}"
EndProject
Global
	GlobalSection(SolutionConfigurationPlatforms) = preSolution
		Debug|Any CPU = Debug|Any CPU
		Debug|x64 = Debug|x64
		Debug|x86 = Debug|x86
		Release|Any CPU = Release|Any CPU
		Release|x64 = Release|x64
		Release|x86 = Release|x86
	EndGlobalSection
	GlobalSection(ProjectConfigurationPlatforms) = postSolution
		{A396F2A5-748C-3982-0970-9032DE1C5E47}.Debug|Any CPU.ActiveCfg = Debug|Any CPU
		{A396F2A5-748C-3982-0970-9032DE1C5E47}.Debug|Any CPU.Build.0 = Debug|Any CPU
		{A396F2A5-748C-3982-0970-9032DE1C5E47}.Debug|x64.ActiveCfg = Debug|Any CPU
		{A396F2A5-748C-3982-0970-9032DE1C5E47}.Debug|x64.Build.0 = Debug|Any CPU
		{A396F2A5-748C-3982-0970-9032DE1C5E47}.Debug|x86.ActiveCfg = Debug|Any CPU
		{A396F2A5-748C-3982-0970-9032DE1C5E47}.Debug|x86.Build.0 = Debug|Any CPU
		{A396F2A5-748C-3982-0970-9032DE1C5E47}.Release|Any CPU.ActiveCfg = Release|Any CPU
		{A396F2A5-748C-3982-0970-9032DE1C5E47}.Release|Any CPU.Build.0 = Release|Any CPU
		{A396F2A5-748C-3982-0970-9032DE1C5E47}.Release|x64.ActiveCfg = Release|Any CPU
		{A396F2A5-748C-3982-0970-9032DE1C5E47}.Release|x64.Build.0 = Release|Any CPU
		{A396F2A5-748C-3982-0970-9032DE1C5E47}.Release|x86.ActiveCfg = Release|Any CPU
		{A396F2A5-748C-3982-0970-9032DE1C5E47}.Release|x86.Build.0 = Release|Any CPU
		{C4F899EA-4DA0-4AB7-8D58-6D25AE006F92}.Debug|Any CPU.ActiveCfg = Debug|Any CPU
		{C4F899EA-4DA0-4AB7-8D58-6D25AE006F92}.Debug|Any CPU.Build.0 = Debug|Any CPU
		{C4F899EA-4DA0-4AB7-8D58-6D25AE006F92}.Debug|x64.ActiveCfg = Debug|Any CPU
		{C4F899EA-4DA0-4AB7-8D58-6D25AE006F92}.Debug|x64.Build.0 = Debug|Any CPU
		{C4F899EA-4DA0-4AB7-8D58-6D25AE006F92}.Debug|x86.ActiveCfg = Debug|Any CPU
		{C4F899EA-4DA0-4AB7-8D58-6D25AE006F92}.Debug|x86.Build.0 = Debug|Any CPU
		{C4F899EA-4DA0-4AB7-8D58-6D25AE006F92}.Release|Any CPU.ActiveCfg = Release|Any CPU
		{C4F899EA-4DA0-4AB7-8D58-6D25AE006F92}.Release|Any CPU.Build.0 = Release|Any CPU
		{C4F899EA-4DA0-4AB7-8D58-6D25AE006F92}.Release|x64.ActiveCfg = Release|Any CPU
		{C4F899EA-4DA0-4AB7-8D58-6D25AE006F92}.Release|x64.Build.0 = Release|Any CPU
		{C4F899EA-4DA0-4AB7-8D58-6D25AE006F92}.Release|x86.ActiveCfg = Release|Any CPU
		{C4F899EA-4DA0-4AB7-8D58-6D25AE006F92}.Release|x86.Build.0 = Release|Any CPU
		{8DAA5BB1-D888-4AE0-980A-CE6C7765D59A}.Debug|Any CPU.ActiveCfg = Debug|Any CPU
		{8DAA5BB1-D888-4AE0-980A-CE6C7765D59A}.Debug|Any CPU.Build.0 = Debug|Any CPU
		{8DAA5BB1-D888-4AE0-980A-CE6C7765D59A}.Debug|x64.ActiveCfg = Debug|Any CPU
		{8DAA5BB1-D888-4AE0-980A-CE6C7765D59A}.Debug|x64.Build.0 = Debug|Any CPU
		{8DAA5BB1-D888-4AE0-980A-CE6C7765D59A}.Debug|x86.ActiveCfg = Debug|Any CPU
		{8DAA5BB1-D888-4AE0-980A-CE6C7765D59A}.Debug|x86.Build.0 = Debug|Any CPU
		{8DAA5BB1-D888-4AE0-980A-CE6C7765D59A}.Release|Any CPU.ActiveCfg = Release|Any CPU
		{8DAA5BB1-D888-4AE0-980A-CE6C7765D59A}.Release|Any CPU.Build.0 = Release|Any CPU
		{8DAA5BB1-D888-4AE0-980A-CE6C7765D59A}.Release|x64.ActiveCfg = Release|Any CPU
		{8DAA5BB1-D888-4AE0-980A-CE6C7765D59A}.Release|x64.Build.0 = Release|Any CPU
		{8DAA5BB1-D888-4AE0-980A-CE6C7765D59A}.Release|x86.ActiveCfg = Release|Any CPU
		{8DAA5BB1-D888-4AE0-980A-CE6C7765D59A}.Release|x86.Build.0 = Release|Any CPU
	EndGlobalSection
	GlobalSection(SolutionProperties) = preSolution
		HideSolutionNode = FALSE
	EndGlobalSection
	GlobalSection(ExtensibilityGlobals) = postSolution
		SolutionGuid = {18C14CD4-8B66-4677-A8CC-F73300548AA0}
	EndGlobalSection
EndGlobal
